
Microsoft Visual Studio Solution File, Format Version 12.00
# Visual Studio Version 17
VisualStudioVersion = 17.9.34728.123
MinimumVisualStudioVersion = 10.0.40219.1
Project("{9A19103F-16F7-4668-BE54-9A1E7A4F7556}") = "API", "API\API.csproj", "{486826E3-5CD2-4050-9D24-5D01A1985A3F}"
EndProject
Project("{9A19103F-16F7-4668-BE54-9A1E7A4F7556}") = "Web", "Web\Web.csproj", "{AE9255E8-0A62-49B8-9F84-8ACDF6927D9F}"
EndProject
Project("{9A19103F-16F7-4668-BE54-9A1E7A4F7556}") = "Data", "Data\Data.csproj", "{E5E1BC89-492A-48F5-868A-2C86BE186EE8}"
EndProject
Project("{9A19103F-16F7-4668-BE54-9A1E7A4F7556}") = "Core", "Core\Core.csproj", "{9224291E-E2DB-4210-B514-8E6980331BE2}"
EndProject
Project("{9A19103F-16F7-4668-BE54-9A1E7A4F7556}") = "Infra", "Infra\Infra.csproj", "{7FF72426-3E6B-4D68-9AD6-5277A79FBD56}"
EndProject
Global
	GlobalSection(SolutionConfigurationPlatforms) = preSolution
		Debug|Any CPU = Debug|Any CPU
		Release|Any CPU = Release|Any CPU
	EndGlobalSection
	GlobalSection(ProjectConfigurationPlatforms) = postSolution
		{486826E3-5CD2-4050-9D24-5D01A1985A3F}.Debug|Any CPU.ActiveCfg = Debug|Any CPU
		{486826E3-5CD2-4050-9D24-5D01A1985A3F}.Debug|Any CPU.Build.0 = Debug|Any CPU
		{486826E3-5CD2-4050-9D24-5D01A1985A3F}.Release|Any CPU.ActiveCfg = Release|Any CPU
		{486826E3-5CD2-4050-9D24-5D01A1985A3F}.Release|Any CPU.Build.0 = Release|Any CPU
		{AE9255E8-0A62-49B8-9F84-8ACDF6927D9F}.Debug|Any CPU.ActiveCfg = Debug|Any CPU
		{AE9255E8-0A62-49B8-9F84-8ACDF6927D9F}.Debug|Any CPU.Build.0 = Debug|Any CPU
		{AE9255E8-0A62-49B8-9F84-8ACDF6927D9F}.Release|Any CPU.ActiveCfg = Release|Any CPU
		{AE9255E8-0A62-49B8-9F84-8ACDF6927D9F}.Release|Any CPU.Build.0 = Release|Any CPU
		{E5E1BC89-492A-48F5-868A-2C86BE186EE8}.Debug|Any CPU.ActiveCfg = Debug|Any CPU
		{E5E1BC89-492A-48F5-868A-2C86BE186EE8}.Debug|Any CPU.Build.0 = Debug|Any CPU
		{E5E1BC89-492A-48F5-868A-2C86BE186EE8}.Release|Any CPU.ActiveCfg = Release|Any CPU
		{E5E1BC89-492A-48F5-868A-2C86BE186EE8}.Release|Any CPU.Build.0 = Release|Any CPU
		{9224291E-E2DB-4210-B514-8E6980331BE2}.Debug|Any CPU.ActiveCfg = Debug|Any CPU
		{9224291E-E2DB-4210-B514-8E6980331BE2}.Debug|Any CPU.Build.0 = Debug|Any CPU
		{9224291E-E2DB-4210-B514-8E6980331BE2}.Release|Any CPU.ActiveCfg = Release|Any CPU
		{9224291E-E2DB-4210-B514-8E6980331BE2}.Release|Any CPU.Build.0 = Release|Any CPU
		{7FF72426-3E6B-4D68-9AD6-5277A79FBD56}.Debug|Any CPU.ActiveCfg = Debug|Any CPU
		{7FF72426-3E6B-4D68-9AD6-5277A79FBD56}.Debug|Any CPU.Build.0 = Debug|Any CPU
		{7FF72426-3E6B-4D68-9AD6-5277A79FBD56}.Release|Any CPU.ActiveCfg = Release|Any CPU
		{7FF72426-3E6B-4D68-9AD6-5277A79FBD56}.Release|Any CPU.Build.0 = Release|Any CPU
	EndGlobalSection
	GlobalSection(SolutionProperties) = preSolution
		HideSolutionNode = FALSE
	EndGlobalSection
	GlobalSection(ExtensibilityGlobals) = postSolution
		SolutionGuid = {C705DBC1-09EE-4751-B81C-8ED2211A8A7A}
	EndGlobalSection
EndGlobal
